
Microsoft Visual Studio Solution File, Format Version 12.00
# Visual Studio Version 16
VisualStudioVersion = 16.0.31424.327
MinimumVisualStudioVersion = 10.0.40219.1
Project("{FAE04EC0-301F-11D3-BF4B-00C04F79EFBC}") = "PhotoAlbum", "PhotoAlbum\PhotoAlbum.csproj", "{009D3C7B-3D32-4376-A85F-2E72136D4A9D}"
EndProject
Global
	GlobalSection(SolutionConfigurationPlatforms) = preSolution
		Debug|Any CPU = Debug|Any CPU
		Release|Any CPU = Release|Any CPU
	EndGlobalSection
	GlobalSection(ProjectConfigurationPlatforms) = postSolution
		{009D3C7B-3D32-4376-A85F-2E72136D4A9D}.Debug|Any CPU.ActiveCfg = Debug|Any CPU
		{009D3C7B-3D32-4376-A85F-2E72136D4A9D}.Debug|Any CPU.Build.0 = Debug|Any CPU
		{009D3C7B-3D32-4376-A85F-2E72136D4A9D}.Release|Any CPU.ActiveCfg = Release|Any CPU
		{009D3C7B-3D32-4376-A85F-2E72136D4A9D}.Release|Any CPU.Build.0 = Release|Any CPU
	EndGlobalSection
	GlobalSection(SolutionProperties) = preSolution
		HideSolutionNode = FALSE
	EndGlobalSection
	GlobalSection(ExtensibilityGlobals) = postSolution
		SolutionGuid = {FFA778B4-FCE0-41B0-B6E2-0384CD08F61D}
	EndGlobalSection
EndGlobal
